// !$*UTF8*$!
{
	archiveVersion = 1;
	classes = {
	};
	objectVersion = 56;
	objects = {

/* Begin PBXBuildFile section */
		E29B916D2B6CB3DC001B00AD /* AppDelegate.swift in Sources */ = {isa = PBXBuildFile; fileRef = E29B916C2B6CB3DC001B00AD /* AppDelegate.swift */; };
		E29B916F2B6CB3DC001B00AD /* SceneDelegate.swift in Sources */ = {isa = PBXBuildFile; fileRef = E29B916E2B6CB3DC001B00AD /* SceneDelegate.swift */; };
		E29B91712B6CB3DC001B00AD /* ViewController.swift in Sources */ = {isa = PBXBuildFile; fileRef = E29B91702B6CB3DC001B00AD /* ViewController.swift */; };
		E29B91742B6CB3DC001B00AD /* Main.storyboard in Resources */ = {isa = PBXBuildFile; fileRef = E29B91722B6CB3DC001B00AD /* Main.storyboard */; };
		E29B91762B6CB3DE001B00AD /* Assets.xcassets in Resources */ = {isa = PBXBuildFile; fileRef = E29B91752B6CB3DE001B00AD /* Assets.xcassets */; };
		E29B91792B6CB3DE001B00AD /* LaunchScreen.storyboard in Resources */ = {isa = PBXBuildFile; fileRef = E29B91772B6CB3DE001B00AD /* LaunchScreen.storyboard */; };
		E29B91842B6CB3DE001B00AD /* Lab_4Tests.swift in Sources */ = {isa = PBXBuildFile; fileRef = E29B91832B6CB3DE001B00AD /* Lab_4Tests.swift */; };
		E29B918E2B6CB3DE001B00AD /* Lab_4UITests.swift in Sources */ = {isa = PBXBuildFile; fileRef = E29B918D2B6CB3DE001B00AD /* Lab_4UITests.swift */; };
		E29B91902B6CB3DE001B00AD /* Lab_4UITestsLaunchTests.swift in Sources */ = {isa = PBXBuildFile; fileRef = E29B918F2B6CB3DE001B00AD /* Lab_4UITestsLaunchTests.swift */; };
/* End PBXBuildFile section */

/* Begin PBXContainerItemProxy section */
		E29B91802B6CB3DE001B00AD /* PBXContainerItemProxy */ = {
			isa = PBXContainerItemProxy;
			containerPortal = E29B91612B6CB3DC001B00AD /* Project object */;
			proxyType = 1;
			remoteGlobalIDString = E29B91682B6CB3DC001B00AD;
			remoteInfo = "Lab 4";
		};
		E29B918A2B6CB3DE001B00AD /* PBXContainerItemProxy */ = {
			isa = PBXContainerItemProxy;
			containerPortal = E29B91612B6CB3DC001B00AD /* Project object */;
			proxyType = 1;
			remoteGlobalIDString = E29B91682B6CB3DC001B00AD;
			remoteInfo = "Lab 4";
		};
/* End PBXContainerItemProxy section */

/* Begin PBXFileReference section */
		E29B91692B6CB3DC001B00AD /* Lab 4.app */ = {isa = PBXFileReference; explicitFileType = wrapper.application; includeInIndex = 0; path = "Lab 4.app"; sourceTree = BUILT_PRODUCTS_DIR; };
		E29B916C2B6CB3DC001B00AD /* AppDelegate.swift */ = {isa = PBXFileReference; lastKnownFileType = sourcecode.swift; path = AppDelegate.swift; sourceTree = "<group>"; };
		E29B916E2B6CB3DC001B00AD /* SceneDelegate.swift */ = {isa = PBXFileReference; lastKnownFileType = sourcecode.swift; path = SceneDelegate.swift; sourceTree = "<group>"; };
		E29B91702B6CB3DC001B00AD /* ViewController.swift */ = {isa = PBXFileReference; lastKnownFileType = sourcecode.swift; path = ViewController.swift; sourceTree = "<group>"; };
		E29B91732B6CB3DC001B00AD /* Base */ = {isa = PBXFileReference; lastKnownFileType = file.storyboard; name = Base; path = Base.lproj/Main.storyboard; sourceTree = "<group>"; };
		E29B91752B6CB3DE001B00AD /* Assets.xcassets */ = {isa = PBXFileReference; lastKnownFileType = folder.assetcatalog; path = Assets.xcassets; sourceTree = "<group>"; };
		E29B91782B6CB3DE001B00AD /* Base */ = {isa = PBXFileReference; lastKnownFileType = file.storyboard; name = Base; path = Base.lproj/LaunchScreen.storyboard; sourceTree = "<group>"; };
		E29B917A2B6CB3DE001B00AD /* Info.plist */ = {isa = PBXFileReference; lastKnownFileType = text.plist.xml; path = Info.plist; sourceTree = "<group>"; };
		E29B917F2B6CB3DE001B00AD /* Lab 4Tests.xctest */ = {isa = PBXFileReference; explicitFileType = wrapper.cfbundle; includeInIndex = 0; path = "Lab 4Tests.xctest"; sourceTree = BUILT_PRODUCTS_DIR; };
		E29B91832B6CB3DE001B00AD /* Lab_4Tests.swift */ = {isa = PBXFileReference; lastKnownFileType = sourcecode.swift; path = Lab_4Tests.swift; sourceTree = "<group>"; };
		E29B91892B6CB3DE001B00AD /* Lab 4UITests.xctest */ = {isa = PBXFileReference; explicitFileType = wrapper.cfbundle; includeInIndex = 0; path = "Lab 4UITests.xctest"; sourceTree = BUILT_PRODUCTS_DIR; };
		E29B918D2B6CB3DE001B00AD /* Lab_4UITests.swift */ = {isa = PBXFileReference; lastKnownFileType = sourcecode.swift; path = Lab_4UITests.swift; sourceTree = "<group>"; };
		E29B918F2B6CB3DE001B00AD /* Lab_4UITestsLaunchTests.swift */ = {isa = PBXFileReference; lastKnownFileType = sourcecode.swift; path = Lab_4UITestsLaunchTests.swift; sourceTree = "<group>"; };
/* End PBXFileReference section */

/* Begin PBXFrameworksBuildPhase section */
		E29B91662B6CB3DC001B00AD /* Frameworks */ = {
			isa = PBXFrameworksBuildPhase;
			buildActionMask = 2147483647;
			files = (
			);
			runOnlyForDeploymentPostprocessing = 0;
		};
		E29B917C2B6CB3DE001B00AD /* Frameworks */ = {
			isa = PBXFrameworksBuildPhase;
			buildActionMask = 2147483647;
			files = (
			);
			runOnlyForDeploymentPostprocessing = 0;
		};
		E29B91862B6CB3DE001B00AD /* Frameworks */ = {
			isa = PBXFrameworksBuildPhase;
			buildActionMask = 2147483647;
			files = (
			);
			runOnlyForDeploymentPostprocessing = 0;
		};
/* End PBXFrameworksBuildPhase section */

/* Begin PBXGroup section */
		E29B91602B6CB3DC001B00AD = {
			isa = PBXGroup;
			children = (
				E29B916B2B6CB3DC001B00AD /* Lab 4 */,
				E29B91822B6CB3DE001B00AD /* Lab 4Tests */,
				E29B918C2B6CB3DE001B00AD /* Lab 4UITests */,
				E29B916A2B6CB3DC001B00AD /* Products */,
			);
			sourceTree = "<group>";
		};
		E29B916A2B6CB3DC001B00AD /* Products */ = {
			isa = PBXGroup;
			children = (
				E29B91692B6CB3DC001B00AD /* Lab 4.app */,
				E29B917F2B6CB3DE001B00AD /* Lab 4Tests.xctest */,
				E29B91892B6CB3DE001B00AD /* Lab 4UITests.xctest */,
			);
			name = Products;
			sourceTree = "<group>";
		};
		E29B916B2B6CB3DC001B00AD /* Lab 4 */ = {
			isa = PBXGroup;
			children = (
				E29B916C2B6CB3DC001B00AD /* AppDelegate.swift */,
				E29B916E2B6CB3DC001B00AD /* SceneDelegate.swift */,
				E29B91702B6CB3DC001B00AD /* ViewController.swift */,
				E29B91722B6CB3DC001B00AD /* Main.storyboard */,
				E29B91752B6CB3DE001B00AD /* Assets.xcassets */,
				E29B91772B6CB3DE001B00AD /* LaunchScreen.storyboard */,
				E29B917A2B6CB3DE001B00AD /* Info.plist */,
			);
			path = "Lab 4";
			sourceTree = "<group>";
		};
		E29B91822B6CB3DE001B00AD /* Lab 4Tests */ = {
			isa = PBXGroup;
			children = (
				E29B91832B6CB3DE001B00AD /* Lab_4Tests.swift */,
			);
			path = "Lab 4Tests";
			sourceTree = "<group>";
		};
		E29B918C2B6CB3DE001B00AD /* Lab 4UITests */ = {
			isa = PBXGroup;
			children = (
				E29B918D2B6CB3DE001B00AD /* Lab_4UITests.swift */,
				E29B918F2B6CB3DE001B00AD /* Lab_4UITestsLaunchTests.swift */,
			);
			path = "Lab 4UITests";
			sourceTree = "<group>";
		};
/* End PBXGroup section */

/* Begin PBXNativeTarget section */
		E29B91682B6CB3DC001B00AD /* Lab 4 */ = {
			isa = PBXNativeTarget;
			buildConfigurationList = E29B91932B6CB3DE001B00AD /* Build configuration list for PBXNativeTarget "Lab 4" */;
			buildPhases = (
				E29B91652B6CB3DC001B00AD /* Sources */,
				E29B91662B6CB3DC001B00AD /* Frameworks */,
				E29B91672B6CB3DC001B00AD /* Resources */,
			);
			buildRules = (
			);
			dependencies = (
			);
			name = "Lab 4";
			productName = "Lab 4";
			productReference = E29B91692B6CB3DC001B00AD /* Lab 4.app */;
			productType = "com.apple.product-type.application";
		};
		E29B917E2B6CB3DE001B00AD /* Lab 4Tests */ = {
			isa = PBXNativeTarget;
			buildConfigurationList = E29B91962B6CB3DE001B00AD /* Build configuration list for PBXNativeTarget "Lab 4Tests" */;
			buildPhases = (
				E29B917B2B6CB3DE001B00AD /* Sources */,
				E29B917C2B6CB3DE001B00AD /* Frameworks */,
				E29B917D2B6CB3DE001B00AD /* Resources */,
			);
			buildRules = (
			);
			dependencies = (
				E29B91812B6CB3DE001B00AD /* PBXTargetDependency */,
			);
			name = "Lab 4Tests";
			productName = "Lab 4Tests";
			productReference = E29B917F2B6CB3DE001B00AD /* Lab 4Tests.xctest */;
			productType = "com.apple.product-type.bundle.unit-test";
		};
		E29B91882B6CB3DE001B00AD /* Lab 4UITests */ = {
			isa = PBXNativeTarget;
			buildConfigurationList = E29B91992B6CB3DE001B00AD /* Build configuration list for PBXNativeTarget "Lab 4UITests" */;
			buildPhases = (
				E29B91852B6CB3DE001B00AD /* Sources */,
				E29B91862B6CB3DE001B00AD /* Frameworks */,
				E29B91872B6CB3DE001B00AD /* Resources */,
			);
			buildRules = (
			);
			dependencies = (
				E29B918B2B6CB3DE001B00AD /* PBXTargetDependency */,
			);
			name = "Lab 4UITests";
			productName = "Lab 4UITests";
			productReference = E29B91892B6CB3DE001B00AD /* Lab 4UITests.xctest */;
			productType = "com.apple.product-type.bundle.ui-testing";
		};
/* End PBXNativeTarget section */

/* Begin PBXProject section */
		E29B91612B6CB3DC001B00AD /* Project object */ = {
			isa = PBXProject;
			attributes = {
				BuildIndependentTargetsInParallel = 1;
				LastSwiftUpdateCheck = 1520;
				LastUpgradeCheck = 1520;
				TargetAttributes = {
					E29B91682B6CB3DC001B00AD = {
						CreatedOnToolsVersion = 15.2;
					};
					E29B917E2B6CB3DE001B00AD = {
						CreatedOnToolsVersion = 15.2;
						TestTargetID = E29B91682B6CB3DC001B00AD;
					};
					E29B91882B6CB3DE001B00AD = {
						CreatedOnToolsVersion = 15.2;
						TestTargetID = E29B91682B6CB3DC001B00AD;
					};
				};
			};
			buildConfigurationList = E29B91642B6CB3DC001B00AD /* Build configuration list for PBXProject "Lab 4" */;
			compatibilityVersion = "Xcode 14.0";
			developmentRegion = en;
			hasScannedForEncodings = 0;
			knownRegions = (
				en,
				Base,
			);
			mainGroup = E29B91602B6CB3DC001B00AD;
			productRefGroup = E29B916A2B6CB3DC001B00AD /* Products */;
			projectDirPath = "";
			projectRoot = "";
			targets = (
				E29B91682B6CB3DC001B00AD /* Lab 4 */,
				E29B917E2B6CB3DE001B00AD /* Lab 4Tests */,
				E29B91882B6CB3DE001B00AD /* Lab 4UITests */,
			);
		};
/* End PBXProject section */

/* Begin PBXResourcesBuildPhase section */
		E29B91672B6CB3DC001B00AD /* Resources */ = {
			isa = PBXResourcesBuildPhase;
			buildActionMask = 2147483647;
			files = (
				E29B91792B6CB3DE001B00AD /* LaunchScreen.storyboard in Resources */,
				E29B91762B6CB3DE001B00AD /* Assets.xcassets in Resources */,
				E29B91742B6CB3DC001B00AD /* Main.storyboard in Resources */,
			);
			runOnlyForDeploymentPostprocessing = 0;
		};
		E29B917D2B6CB3DE001B00AD /* Resources */ = {
			isa = PBXResourcesBuildPhase;
			buildActionMask = 2147483647;
			files = (
			);
			runOnlyForDeploymentPostprocessing = 0;
		};
		E29B91872B6CB3DE001B00AD /* Resources */ = {
			isa = PBXResourcesBuildPhase;
			buildActionMask = 2147483647;
			files = (
			);
			runOnlyForDeploymentPostprocessing = 0;
		};
/* End PBXResourcesBuildPhase section */

/* Begin PBXSourcesBuildPhase section */
		E29B91652B6CB3DC001B00AD /* Sources */ = {
			isa = PBXSourcesBuildPhase;
			buildActionMask = 2147483647;
			files = (
				E29B91712B6CB3DC001B00AD /* ViewController.swift in Sources */,
				E29B916D2B6CB3DC001B00AD /* AppDelegate.swift in Sources */,
				E29B916F2B6CB3DC001B00AD /* SceneDelegate.swift in Sources */,
			);
			runOnlyForDeploymentPostprocessing = 0;
		};
		E29B917B2B6CB3DE001B00AD /* Sources */ = {
			isa = PBXSourcesBuildPhase;
			buildActionMask = 2147483647;
			files = (
				E29B91842B6CB3DE001B00AD /* Lab_4Tests.swift in Sources */,
			);
			runOnlyForDeploymentPostprocessing = 0;
		};
		E29B91852B6CB3DE001B00AD /* Sources */ = {
			isa = PBXSourcesBuildPhase;
			buildActionMask = 2147483647;
			files = (
				E29B918E2B6CB3DE001B00AD /* Lab_4UITests.swift in Sources */,
				E29B91902B6CB3DE001B00AD /* Lab_4UITestsLaunchTests.swift in Sources */,
			);
			runOnlyForDeploymentPostprocessing = 0;
		};
/* End PBXSourcesBuildPhase section */

/* Begin PBXTargetDependency section */
		E29B91812B6CB3DE001B00AD /* PBXTargetDependency */ = {
			isa = PBXTargetDependency;
			target = E29B91682B6CB3DC001B00AD /* Lab 4 */;
			targetProxy = E29B91802B6CB3DE001B00AD /* PBXContainerItemProxy */;
		};
		E29B918B2B6CB3DE001B00AD /* PBXTargetDependency */ = {
			isa = PBXTargetDependency;
			target = E29B91682B6CB3DC001B00AD /* Lab 4 */;
			targetProxy = E29B918A2B6CB3DE001B00AD /* PBXContainerItemProxy */;
		};
/* End PBXTargetDependency section */

/* Begin PBXVariantGroup section */
		E29B91722B6CB3DC001B00AD /* Main.storyboard */ = {
			isa = PBXVariantGroup;
			children = (
				E29B91732B6CB3DC001B00AD /* Base */,
			);
			name = Main.storyboard;
			sourceTree = "<group>";
		};
		E29B91772B6CB3DE001B00AD /* LaunchScreen.storyboard */ = {
			isa = PBXVariantGroup;
			children = (
				E29B91782B6CB3DE001B00AD /* Base */,
			);
			name = LaunchScreen.storyboard;
			sourceTree = "<group>";
		};
/* End PBXVariantGroup section */

/* Begin XCBuildConfiguration section */
		E29B91912B6CB3DE001B00AD /* Debug */ = {
			isa = XCBuildConfiguration;
			buildSettings = {
				ALWAYS_SEARCH_USER_PATHS = NO;
				ASSETCATALOG_COMPILER_GENERATE_SWIFT_ASSET_SYMBOL_EXTENSIONS = YES;
				CLANG_ANALYZER_NONNULL = YES;
				CLANG_ANALYZER_NUMBER_OBJECT_CONVERSION = YES_AGGRESSIVE;
				CLANG_CXX_LANGUAGE_STANDARD = "gnu++20";
				CLANG_ENABLE_MODULES = YES;
				CLANG_ENABLE_OBJC_ARC = YES;
				CLANG_ENABLE_OBJC_WEAK = YES;
				CLANG_WARN_BLOCK_CAPTURE_AUTORELEASING = YES;
				CLANG_WARN_BOOL_CONVERSION = YES;
				CLANG_WARN_COMMA = YES;
				CLANG_WARN_CONSTANT_CONVERSION = YES;
				CLANG_WARN_DEPRECATED_OBJC_IMPLEMENTATIONS = YES;
				CLANG_WARN_DIRECT_OBJC_ISA_USAGE = YES_ERROR;
				CLANG_WARN_DOCUMENTATION_COMMENTS = YES;
				CLANG_WARN_EMPTY_BODY = YES;
				CLANG_WARN_ENUM_CONVERSION = YES;
				CLANG_WARN_INFINITE_RECURSION = YES;
				CLANG_WARN_INT_CONVERSION = YES;
				CLANG_WARN_NON_LITERAL_NULL_CONVERSION = YES;
				CLANG_WARN_OBJC_IMPLICIT_RETAIN_SELF = YES;
				CLANG_WARN_OBJC_LITERAL_CONVERSION = YES;
				CLANG_WARN_OBJC_ROOT_CLASS = YES_ERROR;
				CLANG_WARN_QUOTED_INCLUDE_IN_FRAMEWORK_HEADER = YES;
				CLANG_WARN_RANGE_LOOP_ANALYSIS = YES;
				CLANG_WARN_STRICT_PROTOTYPES = YES;
				CLANG_WARN_SUSPICIOUS_MOVE = YES;
				CLANG_WARN_UNGUARDED_AVAILABILITY = YES_AGGRESSIVE;
				CLANG_WARN_UNREACHABLE_CODE = YES;
				CLANG_WARN__DUPLICATE_METHOD_MATCH = YES;
				COPY_PHASE_STRIP = NO;
				DEBUG_INFORMATION_FORMAT = dwarf;
				ENABLE_STRICT_OBJC_MSGSEND = YES;
				ENABLE_TESTABILITY = YES;
				ENABLE_USER_SCRIPT_SANDBOXING = YES;
				GCC_C_LANGUAGE_STANDARD = gnu17;
				GCC_DYNAMIC_NO_PIC = NO;
				GCC_NO_COMMON_BLOCKS = YES;
				GCC_OPTIMIZATION_LEVEL = 0;
				GCC_PREPROCESSOR_DEFINITIONS = (
					"DEBUG=1",
					"$(inherited)",
				);
				GCC_WARN_64_TO_32_BIT_CONVERSION = YES;
				GCC_WARN_ABOUT_RETURN_TYPE = YES_ERROR;
				GCC_WARN_UNDECLARED_SELECTOR = YES;
				GCC_WARN_UNINITIALIZED_AUTOS = YES_AGGRESSIVE;
				GCC_WARN_UNUSED_FUNCTION = YES;
				GCC_WARN_UNUSED_VARIABLE = YES;
				IPHONEOS_DEPLOYMENT_TARGET = 17.2;
				LOCALIZATION_PREFERS_STRING_CATALOGS = YES;
				MTL_ENABLE_DEBUG_INFO = INCLUDE_SOURCE;
				MTL_FAST_MATH = YES;
				ONLY_ACTIVE_ARCH = YES;
				SDKROOT = iphoneos;
				SWIFT_ACTIVE_COMPILATION_CONDITIONS = "DEBUG $(inherited)";
				SWIFT_OPTIMIZATION_LEVEL = "-Onone";
			};
			name = Debug;
		};
		E29B91922B6CB3DE001B00AD /* Release */ = {
			isa = XCBuildConfiguration;
			buildSettings = {
				ALWAYS_SEARCH_USER_PATHS = NO;
				ASSETCATALOG_COMPILER_GENERATE_SWIFT_ASSET_SYMBOL_EXTENSIONS = YES;
				CLANG_ANALYZER_NONNULL = YES;
				CLANG_ANALYZER_NUMBER_OBJECT_CONVERSION = YES_AGGRESSIVE;
				CLANG_CXX_LANGUAGE_STANDARD = "gnu++20";
				CLANG_ENABLE_MODULES = YES;
				CLANG_ENABLE_OBJC_ARC = YES;
				CLANG_ENABLE_OBJC_WEAK = YES;
				CLANG_WARN_BLOCK_CAPTURE_AUTORELEASING = YES;
				CLANG_WARN_BOOL_CONVERSION = YES;
				CLANG_WARN_COMMA = YES;
				CLANG_WARN_CONSTANT_CONVERSION = YES;
				CLANG_WARN_DEPRECATED_OBJC_IMPLEMENTATIONS = YES;
				CLANG_WARN_DIRECT_OBJC_ISA_USAGE = YES_ERROR;
				CLANG_WARN_DOCUMENTATION_COMMENTS = YES;
				CLANG_WARN_EMPTY_BODY = YES;
				CLANG_WARN_ENUM_CONVERSION = YES;
				CLANG_WARN_INFINITE_RECURSION = YES;
				CLANG_WARN_INT_CONVERSION = YES;
				CLANG_WARN_NON_LITERAL_NULL_CONVERSION = YES;
				CLANG_WARN_OBJC_IMPLICIT_RETAIN_SELF = YES;
				CLANG_WARN_OBJC_LITERAL_CONVERSION = YES;
				CLANG_WARN_OBJC_ROOT_CLASS = YES_ERROR;
				CLANG_WARN_QUOTED_INCLUDE_IN_FRAMEWORK_HEADER = YES;
				CLANG_WARN_RANGE_LOOP_ANALYSIS = YES;
				CLANG_WARN_STRICT_PROTOTYPES = YES;
				CLANG_WARN_SUSPICIOUS_MOVE = YES;
				CLANG_WARN_UNGUARDED_AVAILABILITY = YES_AGGRESSIVE;
				CLANG_WARN_UNREACHABLE_CODE = YES;
				CLANG_WARN__DUPLICATE_METHOD_MATCH = YES;
				COPY_PHASE_STRIP = NO;
				DEBUG_INFORMATION_FORMAT = "dwarf-with-dsym";
				ENABLE_NS_ASSERTIONS = NO;
				ENABLE_STRICT_OBJC_MSGSEND = YES;
				ENABLE_USER_SCRIPT_SANDBOXING = YES;
				GCC_C_LANGUAGE_STANDARD = gnu17;
				GCC_NO_COMMON_BLOCKS = YES;
				GCC_WARN_64_TO_32_BIT_CONVERSION = YES;
				GCC_WARN_ABOUT_RETURN_TYPE = YES_ERROR;
				GCC_WARN_UNDECLARED_SELECTOR = YES;
				GCC_WARN_UNINITIALIZED_AUTOS = YES_AGGRESSIVE;
				GCC_WARN_UNUSED_FUNCTION = YES;
				GCC_WARN_UNUSED_VARIABLE = YES;
				IPHONEOS_DEPLOYMENT_TARGET = 17.2;
				LOCALIZATION_PREFERS_STRING_CATALOGS = YES;
				MTL_ENABLE_DEBUG_INFO = NO;
				MTL_FAST_MATH = YES;
				SDKROOT = iphoneos;
				SWIFT_COMPILATION_MODE = wholemodule;
				VALIDATE_PRODUCT = YES;
			};
			name = Release;
		};
		E29B91942B6CB3DE001B00AD /* Debug */ = {
			isa = XCBuildConfiguration;
			buildSettings = {
				ASSETCATALOG_COMPILER_APPICON_NAME = AppIcon;
				ASSETCATALOG_COMPILER_GLOBAL_ACCENT_COLOR_NAME = AccentColor;
				CODE_SIGN_STYLE = Automatic;
				CURRENT_PROJECT_VERSION = 1;
				GENERATE_INFOPLIST_FILE = YES;
				INFOPLIST_FILE = "Lab 4/Info.plist";
				INFOPLIST_KEY_UIApplicationSupportsIndirectInputEvents = YES;
				INFOPLIST_KEY_UILaunchStoryboardName = LaunchScreen;
				INFOPLIST_KEY_UIMainStoryboardFile = Main;
				INFOPLIST_KEY_UISupportedInterfaceOrientations_iPad = "UIInterfaceOrientationPortrait UIInterfaceOrientationPortraitUpsideDown UIInterfaceOrientationLandscapeLeft UIInterfaceOrientationLandscapeRight";
				INFOPLIST_KEY_UISupportedInterfaceOrientations_iPhone = "UIInterfaceOrientationPortrait UIInterfaceOrientationLandscapeLeft UIInterfaceOrientationLandscapeRight";
				LD_RUNPATH_SEARCH_PATHS = (
					"$(inherited)",
					"@executable_path/Frameworks",
				);
				MARKETING_VERSION = 1.0;
				PRODUCT_BUNDLE_IDENTIFIER = "Pavan-Savaliya.Lab-4";
				PRODUCT_NAME = "$(TARGET_NAME)";
				SWIFT_EMIT_LOC_STRINGS = YES;
				SWIFT_VERSION = 5.0;
				TARGETED_DEVICE_FAMILY = "1,2";
			};
			name = Debug;
		};
		E29B91952B6CB3DE001B00AD /* Release */ = {
			isa = XCBuildConfiguration;
			buildSettings = {
				ASSETCATALOG_COMPILER_APPICON_NAME = AppIcon;
				ASSETCATALOG_COMPILER_GLOBAL_ACCENT_COLOR_NAME = AccentColor;
				CODE_SIGN_STYLE = Automatic;
				CURRENT_PROJECT_VERSION = 1;
				GENERATE_INFOPLIST_FILE = YES;
				INFOPLIST_FILE = "Lab 4/Info.plist";
				INFOPLIST_KEY_UIApplicationSupportsIndirectInputEvents = YES;
				INFOPLIST_KEY_UILaunchStoryboardName = LaunchScreen;
				INFOPLIST_KEY_UIMainStoryboardFile = Main;
				INFOPLIST_KEY_UISupportedInterfaceOrientations_iPad = "UIInterfaceOrientationPortrait UIInterfaceOrientationPortraitUpsideDown UIInterfaceOrientationLandscapeLeft UIInterfaceOrientationLandscapeRight";
				INFOPLIST_KEY_UISupportedInterfaceOrientations_iPhone = "UIInterfaceOrientationPortrait UIInterfaceOrientationLandscapeLeft UIInterfaceOrientationLandscapeRight";
				LD_RUNPATH_SEARCH_PATHS = (
					"$(inherited)",
					"@executable_path/Frameworks",
				);
				MARKETING_VERSION = 1.0;
				PRODUCT_BUNDLE_IDENTIFIER = "Pavan-Savaliya.Lab-4";
				PRODUCT_NAME = "$(TARGET_NAME)";
				SWIFT_EMIT_LOC_STRINGS = YES;
				SWIFT_VERSION = 5.0;
				TARGETED_DEVICE_FAMILY = "1,2";
			};
			name = Release;
		};
		E29B91972B6CB3DE001B00AD /* Debug */ = {
			isa = XCBuildConfiguration;
			buildSettings = {
				ALWAYS_EMBED_SWIFT_STANDARD_LIBRARIES = YES;
				BUNDLE_LOADER = "$(TEST_HOST)";
				CODE_SIGN_STYLE = Automatic;
				CURRENT_PROJECT_VERSION = 1;
				GENERATE_INFOPLIST_FILE = YES;
				IPHONEOS_DEPLOYMENT_TARGET = 17.2;
				MARKETING_VERSION = 1.0;
				PRODUCT_BUNDLE_IDENTIFIER = "Pavan-Savaliya.Lab-4Tests";
				PRODUCT_NAME = "$(TARGET_NAME)";
				SWIFT_EMIT_LOC_STRINGS = NO;
				SWIFT_VERSION = 5.0;
				TARGETED_DEVICE_FAMILY = "1,2";
				TEST_HOST = "$(BUILT_PRODUCTS_DIR)/Lab 4.app/$(BUNDLE_EXECUTABLE_FOLDER_PATH)/Lab 4";
			};
			name = Debug;
		};
		E29B91982B6CB3DE001B00AD /* Release */ = {
			isa = XCBuildConfiguration;
			buildSettings = {
				ALWAYS_EMBED_SWIFT_STANDARD_LIBRARIES = YES;
				BUNDLE_LOADER = "$(TEST_HOST)";
				CODE_SIGN_STYLE = Automatic;
				CURRENT_PROJECT_VERSION = 1;
				GENERATE_INFOPLIST_FILE = YES;
				IPHONEOS_DEPLOYMENT_TARGET = 17.2;
				MARKETING_VERSION = 1.0;
				PRODUCT_BUNDLE_IDENTIFIER = "Pavan-Savaliya.Lab-4Tests";
				PRODUCT_NAME = "$(TARGET_NAME)";
				SWIFT_EMIT_LOC_STRINGS = NO;
				SWIFT_VERSION = 5.0;
				TARGETED_DEVICE_FAMILY = "1,2";
				TEST_HOST = "$(BUILT_PRODUCTS_DIR)/Lab 4.app/$(BUNDLE_EXECUTABLE_FOLDER_PATH)/Lab 4";
			};
			name = Release;
		};
		E29B919A2B6CB3DE001B00AD /* Debug */ = {
			isa = XCBuildConfiguration;
			buildSettings = {
				ALWAYS_EMBED_SWIFT_STANDARD_LIBRARIES = YES;
				CODE_SIGN_STYLE = Automatic;
				CURRENT_PROJECT_VERSION = 1;
				GENERATE_INFOPLIST_FILE = YES;
				MARKETING_VERSION = 1.0;
				PRODUCT_BUNDLE_IDENTIFIER = "Pavan-Savaliya.Lab-4UITests";
				PRODUCT_NAME = "$(TARGET_NAME)";
				SWIFT_EMIT_LOC_STRINGS = NO;
				SWIFT_VERSION = 5.0;
				TARGETED_DEVICE_FAMILY = "1,2";
				TEST_TARGET_NAME = "Lab 4";
			};
			name = Debug;
		};
		E29B919B2B6CB3DE001B00AD /* Release */ = {
			isa = XCBuildConfiguration;
			buildSettings = {
				ALWAYS_EMBED_SWIFT_STANDARD_LIBRARIES = YES;
				CODE_SIGN_STYLE = Automatic;
				CURRENT_PROJECT_VERSION = 1;
				GENERATE_INFOPLIST_FILE = YES;
				MARKETING_VERSION = 1.0;
				PRODUCT_BUNDLE_IDENTIFIER = "Pavan-Savaliya.Lab-4UITests";
				PRODUCT_NAME = "$(TARGET_NAME)";
				SWIFT_EMIT_LOC_STRINGS = NO;
				SWIFT_VERSION = 5.0;
				TARGETED_DEVICE_FAMILY = "1,2";
				TEST_TARGET_NAME = "Lab 4";
			};
			name = Release;
		};
/* End XCBuildConfiguration section */

/* Begin XCConfigurationList section */
		E29B91642B6CB3DC001B00AD /* Build configuration list for PBXProject "Lab 4" */ = {
			isa = XCConfigurationList;
			buildConfigurations = (
				E29B91912B6CB3DE001B00AD /* Debug */,
				E29B91922B6CB3DE001B00AD /* Release */,
			);
			defaultConfigurationIsVisible = 0;
			defaultConfigurationName = Release;
		};
		E29B91932B6CB3DE001B00AD /* Build configuration list for PBXNativeTarget "Lab 4" */ = {
			isa = XCConfigurationList;
			buildConfigurations = (
				E29B91942B6CB3DE001B00AD /* Debug */,
				E29B91952B6CB3DE001B00AD /* Release */,
			);
			defaultConfigurationIsVisible = 0;
			defaultConfigurationName = Release;
		};
		E29B91962B6CB3DE001B00AD /* Build configuration list for PBXNativeTarget "Lab 4Tests" */ = {
			isa = XCConfigurationList;
			buildConfigurations = (
				E29B91972B6CB3DE001B00AD /* Debug */,
				E29B91982B6CB3DE001B00AD /* Release */,
			);
			defaultConfigurationIsVisible = 0;
			defaultConfigurationName = Release;
		};
		E29B91992B6CB3DE001B00AD /* Build configuration list for PBXNativeTarget "Lab 4UITests" */ = {
			isa = XCConfigurationList;
			buildConfigurations = (
				E29B919A2B6CB3DE001B00AD /* Debug */,
				E29B919B2B6CB3DE001B00AD /* Release */,
			);
			defaultConfigurationIsVisible = 0;
			defaultConfigurationName = Release;
		};
/* End XCConfigurationList section */
	};
	rootObject = E29B91612B6CB3DC001B00AD /* Project object */;
}
